
Microsoft Visual Studio Solution File, Format Version 12.00
# Visual Studio Version 17
VisualStudioVersion = 17.4.33122.133
MinimumVisualStudioVersion = 10.0.40219.1
Project("{FAE04EC0-301F-11D3-BF4B-00C04F79EFBC}") = "LongDrink_aspnet", "LongDrink_aspnet.csproj", "{9456C91B-214E-4DDC-A9B8-678F7825A495}"
EndProject
Global
	GlobalSection(SolutionConfigurationPlatforms) = preSolution
		Debug|Any CPU = Debug|Any CPU
		Release|Any CPU = Release|Any CPU
	EndGlobalSection
	GlobalSection(ProjectConfigurationPlatforms) = postSolution
		{9456C91B-214E-4DDC-A9B8-678F7825A495}.Debug|Any CPU.ActiveCfg = Debug|Any CPU
		{9456C91B-214E-4DDC-A9B8-678F7825A495}.Debug|Any CPU.Build.0 = Debug|Any CPU
		{9456C91B-214E-4DDC-A9B8-678F7825A495}.Release|Any CPU.ActiveCfg = Release|Any CPU
		{9456C91B-214E-4DDC-A9B8-678F7825A495}.Release|Any CPU.Build.0 = Release|Any CPU
	EndGlobalSection
	GlobalSection(SolutionProperties) = preSolution
		HideSolutionNode = FALSE
	EndGlobalSection
	GlobalSection(ExtensibilityGlobals) = postSolution
		SolutionGuid = {5C2EAE8C-0F66-4A90-A955-3B649654265F}
	EndGlobalSection
EndGlobal
